# Meta dependency commits pinned to mcrouter v2026.06.29.00 (tag committed 2026-06-24T21:10:39Z).
# Generated by scripts/build-deps-update-lock.sh — do not edit by hand.
FOLLY_COMMIT=f1f20591601040e4d8a62f216c928ad38f17a0b9
FBTHRIFT_COMMIT=f33ec7d404c94ca7e43e35d56e15ddcf69ac686f
WANGLE_COMMIT=c744d38aac0f0b4c6e6fd0dec92f3c6727a31128
FIZZ_COMMIT=811e3d3f8935daca82461a1905c6bc00e49370a7
MVFST_COMMIT=41621a0d655e4e4b451814b41b9d5288232ed31a
