# Meta dependency commits pinned to mcrouter v2026.08.31.00 (tag committed 2026-08-27T21:15:46Z).
# Generated by scripts/build-deps-update-lock.sh — do not edit by hand.
FOLLY_COMMIT=6a87b7a248fcb9c307216728e930a1001f7f3107
FBTHRIFT_COMMIT=7b5d9be7cb7ee4ebc63e681785b9ff8f862308f4
WANGLE_COMMIT=41d870570143006cf3a6560fdd8ffced040df95b
FIZZ_COMMIT=598e724038a9c113a3ebedd3b7c00ceff5665df8
MVFST_COMMIT=7819e9fcdc72800ebe3bb5dee7a37c3f04d6ed31
